
Microsoft Visual Studio Solution File, Format Version 12.00
# Visual Studio Version 17
VisualStudioVersion = 17.0.31903.59
MinimumVisualStudioVersion = 10.0.40219.1
Project("{2150E333-8FDC-42A3-9474-1A3956D46DE8}") = "modules", "modules", "{24A766BC-8F4B-43F9-B4A9-0FF88218C957}"
EndProject
Project("{FAE04EC0-301F-11D3-BF4B-00C04F79EFBC}") = "Morphir", "modules\Morphir\Morphir.csproj", "{F45ED839-9FF4-4AE2-944E-0228F7830221}"
EndProject
Global
	GlobalSection(SolutionConfigurationPlatforms) = preSolution
		Debug|Any CPU = Debug|Any CPU
		Release|Any CPU = Release|Any CPU
	EndGlobalSection
	GlobalSection(SolutionProperties) = preSolution
		HideSolutionNode = FALSE
	EndGlobalSection
	GlobalSection(ProjectConfigurationPlatforms) = postSolution
		{F45ED839-9FF4-4AE2-944E-0228F7830221}.Debug|Any CPU.ActiveCfg = Debug|Any CPU
		{F45ED839-9FF4-4AE2-944E-0228F7830221}.Debug|Any CPU.Build.0 = Debug|Any CPU
		{F45ED839-9FF4-4AE2-944E-0228F7830221}.Release|Any CPU.ActiveCfg = Release|Any CPU
		{F45ED839-9FF4-4AE2-944E-0228F7830221}.Release|Any CPU.Build.0 = Release|Any CPU
	EndGlobalSection
	GlobalSection(NestedProjects) = preSolution
		{F45ED839-9FF4-4AE2-944E-0228F7830221} = {24A766BC-8F4B-43F9-B4A9-0FF88218C957}
	EndGlobalSection
EndGlobal
